
Microsoft Visual Studio Solution File, Format Version 12.00
# Visual Studio Version 17
VisualStudioVersion = 17.0.32112.339
MinimumVisualStudioVersion = 10.0.40219.1
Project("{FAE04EC0-301F-11D3-BF4B-00C04F79EFBC}") = "hometask2", "hometask2\hometask2.csproj", "{8083A28A-F307-4A5E-B44D-ECD87998C539}"
EndProject
Global
	GlobalSection(SolutionConfigurationPlatforms) = preSolution
		Debug|Any CPU = Debug|Any CPU
		Release|Any CPU = Release|Any CPU
	EndGlobalSection
	GlobalSection(ProjectConfigurationPlatforms) = postSolution
		{8083A28A-F307-4A5E-B44D-ECD87998C539}.Debug|Any CPU.ActiveCfg = Debug|Any CPU
		{8083A28A-F307-4A5E-B44D-ECD87998C539}.Debug|Any CPU.Build.0 = Debug|Any CPU
		{8083A28A-F307-4A5E-B44D-ECD87998C539}.Release|Any CPU.ActiveCfg = Release|Any CPU
		{8083A28A-F307-4A5E-B44D-ECD87998C539}.Release|Any CPU.Build.0 = Release|Any CPU
	EndGlobalSection
	GlobalSection(SolutionProperties) = preSolution
		HideSolutionNode = FALSE
	EndGlobalSection
	GlobalSection(ExtensibilityGlobals) = postSolution
		SolutionGuid = {5DC39947-DF0C-4AAD-A9B2-5FE97E73B17F}
	EndGlobalSection
EndGlobal
